{
  "name": "bq-language-server",
  "version": "0.0.1",
  "lockfileVersion": 2,
  "requires": true,
  "packages": {
    "": {
      "name": "bq-language-server",
      "version": "0.0.1",
      "license": "MIT",
      "bin": {
        "bq-language-server": "bin/bq-language-server"
      },
      "engines": {
        "node": "*"
      }
    }
  }
}
